{
  "name": "blog",
  "lockfileVersion": 3,
  "requires": true,
  "packages": {
    "": {
      "dependencies": {
        "moment": "~2.19.3",
        "typogr": "0.5.x",
        "underscore": ">=1.13.8"
      }
    },
    "node_modules/moment": {
      "version": "2.19.4",
      "resolved": "https://registry.npmmirror.com/moment/-/moment-2.19.4.tgz",
      "integrity": "sha512-1xFTAknSLfc47DIxHDUbnJWC+UwgWxATmymaxIPQpmMh7LBm7ZbwVEsuushqwL2GYZU0jie4xO+TK44hJPjNSQ==",
      "license": "MIT",
      "engines": {
        "node": "*"
      }
    },
    "node_modules/typogr": {
      "version": "0.5.2",
      "resolved": "https://registry.npmmirror.com/typogr/-/typogr-0.5.2.tgz",
      "integrity": "sha512-+zB7OBuNi7bySgCXk0tzX7Piq9w1ylNn9tAR3moYTTlfQRc3BCJUezT0T6vWwiy6Q6QOQYqGhmNd4pggp4uLvA=="
    },
    "node_modules/underscore": {
      "version": "1.13.8",
      "resolved": "https://registry.npmmirror.com/underscore/-/underscore-1.13.8.tgz",
      "integrity": "sha512-DXtD3ZtEQzc7M8m4cXotyHR+FAS18C64asBYY5vqZexfYryNNnDc02W4hKg3rdQuqOYas1jkseX0+nZXjTXnvQ==",
      "license": "MIT"
    }
  }
}
